
Microsoft Visual Studio Solution File, Format Version 12.00
# Visual Studio 15
VisualStudioVersion = 15.0.27130.2020
MinimumVisualStudioVersion = 10.0.40219.1
Project("{8BC9CEB8-8B4A-11D0-8D11-00A0C91BC942}") = "1A", "1A\1A.vcxproj", "{1F648A68-8C0D-4725-B100-0837F0ACCACB}"
EndProject
Global
	GlobalSection(SolutionConfigurationPlatforms) = preSolution
		Debug|x64 = Debug|x64
		Debug|x86 = Debug|x86
		Release|x64 = Release|x64
		Release|x86 = Release|x86
	EndGlobalSection
	GlobalSection(ProjectConfigurationPlatforms) = postSolution
		{1F648A68-8C0D-4725-B100-0837F0ACCACB}.Debug|x64.ActiveCfg = Debug|x64
		{1F648A68-8C0D-4725-B100-0837F0ACCACB}.Debug|x64.Build.0 = Debug|x64
		{1F648A68-8C0D-4725-B100-0837F0ACCACB}.Debug|x86.ActiveCfg = Debug|Win32
		{1F648A68-8C0D-4725-B100-0837F0ACCACB}.Debug|x86.Build.0 = Debug|Win32
		{1F648A68-8C0D-4725-B100-0837F0ACCACB}.Release|x64.ActiveCfg = Release|x64
		{1F648A68-8C0D-4725-B100-0837F0ACCACB}.Release|x64.Build.0 = Release|x64
		{1F648A68-8C0D-4725-B100-0837F0ACCACB}.Release|x86.ActiveCfg = Release|Win32
		{1F648A68-8C0D-4725-B100-0837F0ACCACB}.Release|x86.Build.0 = Release|Win32
	EndGlobalSection
	GlobalSection(SolutionProperties) = preSolution
		HideSolutionNode = FALSE
	EndGlobalSection
	GlobalSection(ExtensibilityGlobals) = postSolution
		SolutionGuid = {441F9FB5-E7D4-4B34-BDF0-DFC84710A10B}
	EndGlobalSection
EndGlobal
